// !$*UTF8*$!
{
	archiveVersion = 1;
	classes = {
	};
	objectVersion = 46;
	objects = {

/* Begin PBXBuildFile section */
		74172C5C16E1FFC2003D7E3A /* UIKit.framework in Frameworks */ = {isa = PBXBuildFile; fileRef = 74172C5B16E1FFC2003D7E3A /* UIKit.framework */; };
		74172C5E16E1FFC2003D7E3A /* Foundation.framework in Frameworks */ = {isa = PBXBuildFile; fileRef = 74172C5D16E1FFC2003D7E3A /* Foundation.framework */; };
		74172C6016E1FFC2003D7E3A /* CoreGraphics.framework in Frameworks */ = {isa = PBXBuildFile; fileRef = 74172C5F16E1FFC2003D7E3A /* CoreGraphics.framework */; };
		74172C6616E1FFC2003D7E3A /* InfoPlist.strings in Resources */ = {isa = PBXBuildFile; fileRef = 74172C6416E1FFC2003D7E3A /* InfoPlist.strings */; };
		74172C6816E1FFC2003D7E3A /* main.m in Sources */ = {isa = PBXBuildFile; fileRef = 74172C6716E1FFC2003D7E3A /* main.m */; };
		74172C6C16E1FFC2003D7E3A /* XCAppDelegate.mm in Sources */ = {isa = PBXBuildFile; fileRef = 74172C6B16E1FFC2003D7E3A /* XCAppDelegate.mm */; };
		74172C6E16E1FFC2003D7E3A /* Default.png in Resources */ = {isa = PBXBuildFile; fileRef = 74172C6D16E1FFC2003D7E3A /* Default.png */; };
		74172C7016E1FFC2003D7E3A /* Default@2x.png in Resources */ = {isa = PBXBuildFile; fileRef = 74172C6F16E1FFC2003D7E3A /* Default@2x.png */; };
		74172C7216E1FFC2003D7E3A /* Default-568h@2x.png in Resources */ = {isa = PBXBuildFile; fileRef = 74172C7116E1FFC2003D7E3A /* Default-568h@2x.png */; };
		74172C7A16E22F3F003D7E3A /* XCBaseViewController.m in Sources */ = {isa = PBXBuildFile; fileRef = 74172C7916E22F3E003D7E3A /* XCBaseViewController.m */; };
		74172C7D16E22FA6003D7E3A /* XCRootViewController.m in Sources */ = {isa = PBXBuildFile; fileRef = 74172C7C16E22FA6003D7E3A /* XCRootViewController.m */; };
		74172C8416E2395B003D7E3A /* LoginViewController.m in Sources */ = {isa = PBXBuildFile; fileRef = 74172C8316E2395B003D7E3A /* LoginViewController.m */; };
		7444B3C416EB2EAF004D6BDC /* SOAPServiceViewController.m in Sources */ = {isa = PBXBuildFile; fileRef = 7444B3C316EB2EAF004D6BDC /* SOAPServiceViewController.m */; };
		7453046216E7847E00E14138 /* MapViewController.m in Sources */ = {isa = PBXBuildFile; fileRef = 7453046116E7847E00E14138 /* MapViewController.m */; };
		749B447716E3A44E00E9C2C5 /* XCContext.m in Sources */ = {isa = PBXBuildFile; fileRef = 749B447616E3A44E00E9C2C5 /* XCContext.m */; };
		74DB0E0A16EC953100F2F38E /* xiecheng.rdb in Resources */ = {isa = PBXBuildFile; fileRef = 74DB0E0916EC953100F2F38E /* xiecheng.rdb */; };
		74DB0E0D16EC986400F2F38E /* XCDataManager.m in Sources */ = {isa = PBXBuildFile; fileRef = 74DB0E0C16EC986400F2F38E /* XCDataManager.m */; };
		74DB0E2416ECD48400F2F38E /* libsqlite3.0.dylib in Frameworks */ = {isa = PBXBuildFile; fileRef = 74DB0E2316ECD48400F2F38E /* libsqlite3.0.dylib */; };
		B1ABB8A816E9B232005CC730 /* QuartzCore.framework in Frameworks */ = {isa = PBXBuildFile; fileRef = B1ABB8A716E9B231005CC730 /* QuartzCore.framework */; };
		B1ABB8AC16E9B30A005CC730 /* NavigationViewController.m in Sources */ = {isa = PBXBuildFile; fileRef = B1ABB8AA16E9B2FD005CC730 /* NavigationViewController.m */; };
		B1ABB8B016E9B3AB005CC730 /* NaviButton.m in Sources */ = {isa = PBXBuildFile; fileRef = B1ABB8AF16E9B3AB005CC730 /* NaviButton.m */; };
		B1ABB8C016E9C2E0005CC730 /* CoreText.framework in Frameworks */ = {isa = PBXBuildFile; fileRef = B1ABB8B616E9C26D005CC730 /* CoreText.framework */; };
		B1ABB8C116E9C2EB005CC730 /* CoreLocation.framework in Frameworks */ = {isa = PBXBuildFile; fileRef = B1ABB8B816E9C278005CC730 /* CoreLocation.framework */; };
		B1ABB8C216E9C2F2005CC730 /* SystemConfiguration.framework in Frameworks */ = {isa = PBXBuildFile; fileRef = B1ABB8BA16E9C284005CC730 /* SystemConfiguration.framework */; };
		B1ABB8C316E9C2F8005CC730 /* libz.dylib in Frameworks */ = {isa = PBXBuildFile; fileRef = B1ABB8BC16E9C293005CC730 /* libz.dylib */; };
		B1ABB8C416E9C2FF005CC730 /* libstdc++.6.0.9.dylib in Frameworks */ = {isa = PBXBuildFile; fileRef = B1ABB8BE16E9C2A2005CC730 /* libstdc++.6.0.9.dylib */; };
		B1ABB8F716E9CA27005CC730 /* AMap.bundle in Resources */ = {isa = PBXBuildFile; fileRef = B1ABB8F616E9CA27005CC730 /* AMap.bundle */; };
		B1ABB8FE16E9CB7C005CC730 /* libMAMapKit.a in Frameworks */ = {isa = PBXBuildFile; fileRef = B1ABB8FC16E9CB7C005CC730 /* libMAMapKit.a */; };
		B1ABB90616E9E392005CC730 /* MainViewController.m in Sources */ = {isa = PBXBuildFile; fileRef = B1ABB90516E9E391005CC730 /* MainViewController.m */; };
		B1ABB90916E9E56B005CC730 /* FlightInChinaViewController.m in Sources */ = {isa = PBXBuildFile; fileRef = B1ABB90816E9E56A005CC730 /* FlightInChinaViewController.m */; };
		B1ABB90C16E9E58F005CC730 /* FlightInInternationalViewController.m in Sources */ = {isa = PBXBuildFile; fileRef = B1ABB90B16E9E58E005CC730 /* FlightInInternationalViewController.m */; };
		B1ABB90F16E9E5A8005CC730 /* ShoppingViewController.m in Sources */ = {isa = PBXBuildFile; fileRef = B1ABB90E16E9E5A7005CC730 /* ShoppingViewController.m */; };
		B1ABB91216E9E5BC005CC730 /* UserSetViewController.m in Sources */ = {isa = PBXBuildFile; fileRef = B1ABB91116E9E5BB005CC730 /* UserSetViewController.m */; };
		B1C9E67216EDA67900144395 /* PullRefreshView.m in Sources */ = {isa = PBXBuildFile; fileRef = B1C9E67116EDA67900144395 /* PullRefreshView.m */; };
		B1C9E67616EDA86800144395 /* arrow.png in Resources */ = {isa = PBXBuildFile; fileRef = B1C9E67516EDA86800144395 /* arrow.png */; };
/* End PBXBuildFile section */

/* Begin PBXFileReference section */
		74172C5716E1FFC2003D7E3A /* XieCheng.app */ = {isa = PBXFileReference; explicitFileType = wrapper.application; includeInIndex = 0; path = XieCheng.app; sourceTree = BUILT_PRODUCTS_DIR; };
		74172C5B16E1FFC2003D7E3A /* UIKit.framework */ = {isa = PBXFileReference; lastKnownFileType = wrapper.framework; name = UIKit.framework; path = System/Library/Frameworks/UIKit.framework; sourceTree = SDKROOT; };
		74172C5D16E1FFC2003D7E3A /* Foundation.framework */ = {isa = PBXFileReference; lastKnownFileType = wrapper.framework; name = Foundation.framework; path = System/Library/Frameworks/Foundation.framework; sourceTree = SDKROOT; };
		74172C5F16E1FFC2003D7E3A /* CoreGraphics.framework */ = {isa = PBXFileReference; lastKnownFileType = wrapper.framework; name = CoreGraphics.framework; path = System/Library/Frameworks/CoreGraphics.framework; sourceTree = SDKROOT; };
		74172C6316E1FFC2003D7E3A /* XieCheng-Info.plist */ = {isa = PBXFileReference; lastKnownFileType = text.plist.xml; path = "XieCheng-Info.plist"; sourceTree = "<group>"; };
		74172C6516E1FFC2003D7E3A /* en */ = {isa = PBXFileReference; lastKnownFileType = text.plist.strings; name = en; path = en.lproj/InfoPlist.strings; sourceTree = "<group>"; };
		74172C6716E1FFC2003D7E3A /* main.m */ = {isa = PBXFileReference; lastKnownFileType = sourcecode.c.objc; path = main.m; sourceTree = "<group>"; };
		74172C6916E1FFC2003D7E3A /* XieCheng-Prefix.pch */ = {isa = PBXFileReference; lastKnownFileType = sourcecode.c.h; path = "XieCheng-Prefix.pch"; sourceTree = "<group>"; };
		74172C6A16E1FFC2003D7E3A /* XCAppDelegate.h */ = {isa = PBXFileReference; lastKnownFileType = sourcecode.c.h; path = XCAppDelegate.h; sourceTree = "<group>"; };
		74172C6B16E1FFC2003D7E3A /* XCAppDelegate.mm */ = {isa = PBXFileReference; lastKnownFileType = sourcecode.cpp.objcpp; path = XCAppDelegate.mm; sourceTree = "<group>"; };
		74172C6D16E1FFC2003D7E3A /* Default.png */ = {isa = PBXFileReference; lastKnownFileType = image.png; path = Default.png; sourceTree = "<group>"; };
		74172C6F16E1FFC2003D7E3A /* Default@2x.png */ = {isa = PBXFileReference; lastKnownFileType = image.png; path = "Default@2x.png"; sourceTree = "<group>"; };
		74172C7116E1FFC2003D7E3A /* Default-568h@2x.png */ = {isa = PBXFileReference; lastKnownFileType = image.png; path = "Default-568h@2x.png"; sourceTree = "<group>"; };
		74172C7816E22F3E003D7E3A /* XCBaseViewController.h */ = {isa = PBXFileReference; fileEncoding = 4; lastKnownFileType = sourcecode.c.h; path = XCBaseViewController.h; sourceTree = "<group>"; };
		74172C7916E22F3E003D7E3A /* XCBaseViewController.m */ = {isa = PBXFileReference; fileEncoding = 4; lastKnownFileType = sourcecode.c.objc; path = XCBaseViewController.m; sourceTree = "<group>"; };
		74172C7B16E22FA6003D7E3A /* XCRootViewController.h */ = {isa = PBXFileReference; fileEncoding = 4; lastKnownFileType = sourcecode.c.h; path = XCRootViewController.h; sourceTree = "<group>"; };
		74172C7C16E22FA6003D7E3A /* XCRootViewController.m */ = {isa = PBXFileReference; fileEncoding = 4; lastKnownFileType = sourcecode.c.objc; path = XCRootViewController.m; sourceTree = "<group>"; };
		74172C8216E2395B003D7E3A /* LoginViewController.h */ = {isa = PBXFileReference; fileEncoding = 4; lastKnownFileType = sourcecode.c.h; path = LoginViewController.h; sourceTree = "<group>"; };
		74172C8316E2395B003D7E3A /* LoginViewController.m */ = {isa = PBXFileReference; fileEncoding = 4; lastKnownFileType = sourcecode.c.objc; path = LoginViewController.m; sourceTree = "<group>"; };
		7434520E16E7701100BA5354 /* ViewHelper.h */ = {isa = PBXFileReference; fileEncoding = 4; lastKnownFileType = sourcecode.c.h; path = ViewHelper.h; sourceTree = "<group>"; };
		7444B3C216EB2EAF004D6BDC /* SOAPServiceViewController.h */ = {isa = PBXFileReference; fileEncoding = 4; lastKnownFileType = sourcecode.c.h; path = SOAPServiceViewController.h; sourceTree = "<group>"; };
		7444B3C316EB2EAF004D6BDC /* SOAPServiceViewController.m */ = {isa = PBXFileReference; fileEncoding = 4; lastKnownFileType = sourcecode.c.objc; path = SOAPServiceViewController.m; sourceTree = "<group>"; };
		7453046016E7847E00E14138 /* MapViewController.h */ = {isa = PBXFileReference; fileEncoding = 4; lastKnownFileType = sourcecode.c.h; path = MapViewController.h; sourceTree = "<group>"; };
		7453046116E7847E00E14138 /* MapViewController.m */ = {isa = PBXFileReference; fileEncoding = 4; lastKnownFileType = sourcecode.c.objc; path = MapViewController.m; sourceTree = "<group>"; };
		749B447516E3A44E00E9C2C5 /* XCContext.h */ = {isa = PBXFileReference; fileEncoding = 4; lastKnownFileType = sourcecode.c.h; path = XCContext.h; sourceTree = "<group>"; };
		749B447616E3A44E00E9C2C5 /* XCContext.m */ = {isa = PBXFileReference; fileEncoding = 4; lastKnownFileType = sourcecode.c.objc; path = XCContext.m; sourceTree = "<group>"; };
		74DB0E0916EC953100F2F38E /* xiecheng.rdb */ = {isa = PBXFileReference; lastKnownFileType = file; path = xiecheng.rdb; sourceTree = "<group>"; };
		74DB0E0B16EC986400F2F38E /* XCDataManager.h */ = {isa = PBXFileReference; fileEncoding = 4; lastKnownFileType = sourcecode.c.h; path = XCDataManager.h; sourceTree = "<group>"; };
		74DB0E0C16EC986400F2F38E /* XCDataManager.m */ = {isa = PBXFileReference; fileEncoding = 4; lastKnownFileType = sourcecode.c.objc; path = XCDataManager.m; sourceTree = "<group>"; };
		74DB0E2316ECD48400F2F38E /* libsqlite3.0.dylib */ = {isa = PBXFileReference; lastKnownFileType = "compiled.mach-o.dylib"; name = libsqlite3.0.dylib; path = usr/lib/libsqlite3.0.dylib; sourceTree = SDKROOT; };
		B1ABB8A716E9B231005CC730 /* QuartzCore.framework */ = {isa = PBXFileReference; lastKnownFileType = wrapper.framework; name = QuartzCore.framework; path = System/Library/Frameworks/QuartzCore.framework; sourceTree = SDKROOT; };
		B1ABB8A916E9B2FD005CC730 /* NavigationViewController.h */ = {isa = PBXFileReference; fileEncoding = 4; lastKnownFileType = sourcecode.c.h; name = NavigationViewController.h; path = XieCheng/NavigationViewController.h; sourceTree = SOURCE_ROOT; };
		B1ABB8AA16E9B2FD005CC730 /* NavigationViewController.m */ = {isa = PBXFileReference; fileEncoding = 4; lastKnownFileType = sourcecode.c.objc; name = NavigationViewController.m; path = XieCheng/NavigationViewController.m; sourceTree = SOURCE_ROOT; };
		B1ABB8AE16E9B3AB005CC730 /* NaviButton.h */ = {isa = PBXFileReference; fileEncoding = 4; lastKnownFileType = sourcecode.c.h; path = NaviButton.h; sourceTree = "<group>"; };
		B1ABB8AF16E9B3AB005CC730 /* NaviButton.m */ = {isa = PBXFileReference; fileEncoding = 4; lastKnownFileType = sourcecode.c.objc; path = NaviButton.m; sourceTree = "<group>"; };
		B1ABB8B616E9C26D005CC730 /* CoreText.framework */ = {isa = PBXFileReference; lastKnownFileType = wrapper.framework; name = CoreText.framework; path = System/Library/Frameworks/CoreText.framework; sourceTree = SDKROOT; };
		B1ABB8B816E9C278005CC730 /* CoreLocation.framework */ = {isa = PBXFileReference; lastKnownFileType = wrapper.framework; name = CoreLocation.framework; path = System/Library/Frameworks/CoreLocation.framework; sourceTree = SDKROOT; };
		B1ABB8BA16E9C284005CC730 /* SystemConfiguration.framework */ = {isa = PBXFileReference; lastKnownFileType = wrapper.framework; name = SystemConfiguration.framework; path = System/Library/Frameworks/SystemConfiguration.framework; sourceTree = SDKROOT; };
		B1ABB8BC16E9C293005CC730 /* libz.dylib */ = {isa = PBXFileReference; lastKnownFileType = "compiled.mach-o.dylib"; name = libz.dylib; path = usr/lib/libz.dylib; sourceTree = SDKROOT; };
		B1ABB8BE16E9C2A2005CC730 /* libstdc++.6.0.9.dylib */ = {isa = PBXFileReference; lastKnownFileType = "compiled.mach-o.dylib"; name = "libstdc++.6.0.9.dylib"; path = "usr/lib/libstdc++.6.0.9.dylib"; sourceTree = SDKROOT; };
		B1ABB8E116E9CA0B005CC730 /* MAAnnotation.h */ = {isa = PBXFileReference; fileEncoding = 4; lastKnownFileType = sourcecode.c.h; path = MAAnnotation.h; sourceTree = "<group>"; };
		B1ABB8E216E9CA0B005CC730 /* MAAnnotationView.h */ = {isa = PBXFileReference; fileEncoding = 4; lastKnownFileType = sourcecode.c.h; path = MAAnnotationView.h; sourceTree = "<group>"; };
		B1ABB8E316E9CA0B005CC730 /* MACircle.h */ = {isa = PBXFileReference; fileEncoding = 4; lastKnownFileType = sourcecode.c.h; path = MACircle.h; sourceTree = "<group>"; };
		B1ABB8E416E9CA0B005CC730 /* MACircleView.h */ = {isa = PBXFileReference; fileEncoding = 4; lastKnownFileType = sourcecode.c.h; path = MACircleView.h; sourceTree = "<group>"; };
		B1ABB8E516E9CA0B005CC730 /* MAGeometry.h */ = {isa = PBXFileReference; fileEncoding = 4; lastKnownFileType = sourcecode.c.h; path = MAGeometry.h; sourceTree = "<group>"; };
		B1ABB8E616E9CA0B005CC730 /* MAMapKit.h */ = {isa = PBXFileReference; fileEncoding = 4; lastKnownFileType = sourcecode.c.h; path = MAMapKit.h; sourceTree = "<group>"; };
		B1ABB8E716E9CA0B005CC730 /* MAMapView.h */ = {isa = PBXFileReference; fileEncoding = 4; lastKnownFileType = sourcecode.c.h; path = MAMapView.h; sourceTree = "<group>"; };
		B1ABB8E816E9CA0B005CC730 /* MAMultiPoint.h */ = {isa = PBXFileReference; fileEncoding = 4; lastKnownFileType = sourcecode.c.h; path = MAMultiPoint.h; sourceTree = "<group>"; };
		B1ABB8E916E9CA0B005CC730 /* MAOverlay.h */ = {isa = PBXFileReference; fileEncoding = 4; lastKnownFileType = sourcecode.c.h; path = MAOverlay.h; sourceTree = "<group>"; };
		B1ABB8EA16E9CA0B005CC730 /* MAOverlayPathView.h */ = {isa = PBXFileReference; fileEncoding = 4; lastKnownFileType = sourcecode.c.h; path = MAOverlayPathView.h; sourceTree = "<group>"; };
		B1ABB8EB16E9CA0B005CC730 /* MAOverlayView.h */ = {isa = PBXFileReference; fileEncoding = 4; lastKnownFileType = sourcecode.c.h; path = MAOverlayView.h; sourceTree = "<group>"; };
		B1ABB8EC16E9CA0B005CC730 /* MAPinAnnotationView.h */ = {isa = PBXFileReference; fileEncoding = 4; lastKnownFileType = sourcecode.c.h; path = MAPinAnnotationView.h; sourceTree = "<group>"; };
		B1ABB8ED16E9CA0B005CC730 /* MAPointAnnotation.h */ = {isa = PBXFileReference; fileEncoding = 4; lastKnownFileType = sourcecode.c.h; path = MAPointAnnotation.h; sourceTree = "<group>"; };
		B1ABB8EE16E9CA0B005CC730 /* MAPolygon.h */ = {isa = PBXFileReference; fileEncoding = 4; lastKnownFileType = sourcecode.c.h; path = MAPolygon.h; sourceTree = "<group>"; };
		B1ABB8EF16E9CA0B005CC730 /* MAPolygonView.h */ = {isa = PBXFileReference; fileEncoding = 4; lastKnownFileType = sourcecode.c.h; path = MAPolygonView.h; sourceTree = "<group>"; };
		B1ABB8F016E9CA0B005CC730 /* MAPolyline.h */ = {isa = PBXFileReference; fileEncoding = 4; lastKnownFileType = sourcecode.c.h; path = MAPolyline.h; sourceTree = "<group>"; };
		B1ABB8F116E9CA0B005CC730 /* MAPolylineView.h */ = {isa = PBXFileReference; fileEncoding = 4; lastKnownFileType = sourcecode.c.h; path = MAPolylineView.h; sourceTree = "<group>"; };
		B1ABB8F216E9CA0B005CC730 /* MAShape.h */ = {isa = PBXFileReference; fileEncoding = 4; lastKnownFileType = sourcecode.c.h; path = MAShape.h; sourceTree = "<group>"; };
		B1ABB8F316E9CA0B005CC730 /* MATypes.h */ = {isa = PBXFileReference; fileEncoding = 4; lastKnownFileType = sourcecode.c.h; path = MATypes.h; sourceTree = "<group>"; };
		B1ABB8F416E9CA0B005CC730 /* MAUserLocation.h */ = {isa = PBXFileReference; fileEncoding = 4; lastKnownFileType = sourcecode.c.h; path = MAUserLocation.h; sourceTree = "<group>"; };
		B1ABB8F616E9CA27005CC730 /* AMap.bundle */ = {isa = PBXFileReference; lastKnownFileType = "wrapper.plug-in"; path = AMap.bundle; sourceTree = "<group>"; };
		B1ABB8FC16E9CB7C005CC730 /* libMAMapKit.a */ = {isa = PBXFileReference; lastKnownFileType = archive.ar; path = libMAMapKit.a; sourceTree = "<group>"; };
		B1ABB90416E9E390005CC730 /* MainViewController.h */ = {isa = PBXFileReference; fileEncoding = 4; lastKnownFileType = sourcecode.c.h; path = MainViewController.h; sourceTree = "<group>"; };
		B1ABB90516E9E391005CC730 /* MainViewController.m */ = {isa = PBXFileReference; fileEncoding = 4; lastKnownFileType = sourcecode.c.objc; path = MainViewController.m; sourceTree = "<group>"; };
		B1ABB90716E9E56A005CC730 /* FlightInChinaViewController.h */ = {isa = PBXFileReference; fileEncoding = 4; lastKnownFileType = sourcecode.c.h; path = FlightInChinaViewController.h; sourceTree = "<group>"; };
		B1ABB90816E9E56A005CC730 /* FlightInChinaViewController.m */ = {isa = PBXFileReference; fileEncoding = 4; lastKnownFileType = sourcecode.c.objc; path = FlightInChinaViewController.m; sourceTree = "<group>"; };
		B1ABB90A16E9E58E005CC730 /* FlightInInternationalViewController.h */ = {isa = PBXFileReference; fileEncoding = 4; lastKnownFileType = sourcecode.c.h; path = FlightInInternationalViewController.h; sourceTree = "<group>"; };
		B1ABB90B16E9E58E005CC730 /* FlightInInternationalViewController.m */ = {isa = PBXFileReference; fileEncoding = 4; lastKnownFileType = sourcecode.c.objc; path = FlightInInternationalViewController.m; sourceTree = "<group>"; };
		B1ABB90D16E9E5A7005CC730 /* ShoppingViewController.h */ = {isa = PBXFileReference; fileEncoding = 4; lastKnownFileType = sourcecode.c.h; path = ShoppingViewController.h; sourceTree = "<group>"; };
		B1ABB90E16E9E5A7005CC730 /* ShoppingViewController.m */ = {isa = PBXFileReference; fileEncoding = 4; lastKnownFileType = sourcecode.c.objc; path = ShoppingViewController.m; sourceTree = "<group>"; };
		B1ABB91016E9E5BA005CC730 /* UserSetViewController.h */ = {isa = PBXFileReference; fileEncoding = 4; lastKnownFileType = sourcecode.c.h; path = UserSetViewController.h; sourceTree = "<group>"; };
		B1ABB91116E9E5BB005CC730 /* UserSetViewController.m */ = {isa = PBXFileReference; fileEncoding = 4; lastKnownFileType = sourcecode.c.objc; path = UserSetViewController.m; sourceTree = "<group>"; };
		B1C9E67016EDA67900144395 /* PullRefreshView.h */ = {isa = PBXFileReference; fileEncoding = 4; lastKnownFileType = sourcecode.c.h; path = PullRefreshView.h; sourceTree = "<group>"; };
		B1C9E67116EDA67900144395 /* PullRefreshView.m */ = {isa = PBXFileReference; fileEncoding = 4; lastKnownFileType = sourcecode.c.objc; path = PullRefreshView.m; sourceTree = "<group>"; };
		B1C9E67516EDA86800144395 /* arrow.png */ = {isa = PBXFileReference; lastKnownFileType = image.png; path = arrow.png; sourceTree = "<group>"; };
/* End PBXFileReference section */

/* Begin PBXFrameworksBuildPhase section */
		74172C5416E1FFC2003D7E3A /* Frameworks */ = {
			isa = PBXFrameworksBuildPhase;
			buildActionMask = 2147483647;
			files = (
				74DB0E2416ECD48400F2F38E /* libsqlite3.0.dylib in Frameworks */,
				B1ABB8C416E9C2FF005CC730 /* libstdc++.6.0.9.dylib in Frameworks */,
				B1ABB8C316E9C2F8005CC730 /* libz.dylib in Frameworks */,
				B1ABB8C216E9C2F2005CC730 /* SystemConfiguration.framework in Frameworks */,
				B1ABB8C116E9C2EB005CC730 /* CoreLocation.framework in Frameworks */,
				B1ABB8C016E9C2E0005CC730 /* CoreText.framework in Frameworks */,
				B1ABB8A816E9B232005CC730 /* QuartzCore.framework in Frameworks */,
				74172C5C16E1FFC2003D7E3A /* UIKit.framework in Frameworks */,
				74172C5E16E1FFC2003D7E3A /* Foundation.framework in Frameworks */,
				74172C6016E1FFC2003D7E3A /* CoreGraphics.framework in Frameworks */,
				B1ABB8FE16E9CB7C005CC730 /* libMAMapKit.a in Frameworks */,
			);
			runOnlyForDeploymentPostprocessing = 0;
		};
/* End PBXFrameworksBuildPhase section */

/* Begin PBXGroup section */
		74172C4C16E1FFC2003D7E3A = {
			isa = PBXGroup;
			children = (
				74172C6116E1FFC2003D7E3A /* XieCheng */,
				74172C5A16E1FFC2003D7E3A /* Frameworks */,
				74172C5816E1FFC2003D7E3A /* Products */,
			);
			sourceTree = "<group>";
		};
		74172C5816E1FFC2003D7E3A /* Products */ = {
			isa = PBXGroup;
			children = (
				74172C5716E1FFC2003D7E3A /* XieCheng.app */,
			);
			name = Products;
			sourceTree = "<group>";
		};
		74172C5A16E1FFC2003D7E3A /* Frameworks */ = {
			isa = PBXGroup;
			children = (
				74DB0E2316ECD48400F2F38E /* libsqlite3.0.dylib */,
				B1ABB8BE16E9C2A2005CC730 /* libstdc++.6.0.9.dylib */,
				B1ABB8BC16E9C293005CC730 /* libz.dylib */,
				B1ABB8BA16E9C284005CC730 /* SystemConfiguration.framework */,
				B1ABB8B816E9C278005CC730 /* CoreLocation.framework */,
				B1ABB8B616E9C26D005CC730 /* CoreText.framework */,
				B1ABB8A716E9B231005CC730 /* QuartzCore.framework */,
				74172C5B16E1FFC2003D7E3A /* UIKit.framework */,
				74172C5D16E1FFC2003D7E3A /* Foundation.framework */,
				74172C5F16E1FFC2003D7E3A /* CoreGraphics.framework */,
			);
			name = Frameworks;
			sourceTree = "<group>";
		};
		74172C6116E1FFC2003D7E3A /* XieCheng */ = {
			isa = PBXGroup;
			children = (
				74DB0DFA16EC861800F2F38E /* DBservice */,
				7444B3C016EB2C70004D6BDC /* SOAPService */,
				B1ABB8B516E9C21B005CC730 /* AmapApi */,
				B1ABB8AD16E9B3AB005CC730 /* ChenUIView */,
				749B447416E3A44E00E9C2C5 /* Logic */,
				74172C6A16E1FFC2003D7E3A /* XCAppDelegate.h */,
				74172C6B16E1FFC2003D7E3A /* XCAppDelegate.mm */,
				74172C7816E22F3E003D7E3A /* XCBaseViewController.h */,
				74172C7916E22F3E003D7E3A /* XCBaseViewController.m */,
				74172C7B16E22FA6003D7E3A /* XCRootViewController.h */,
				74172C7C16E22FA6003D7E3A /* XCRootViewController.m */,
				B1ABB8A916E9B2FD005CC730 /* NavigationViewController.h */,
				B1ABB8AA16E9B2FD005CC730 /* NavigationViewController.m */,
				7453046016E7847E00E14138 /* MapViewController.h */,
				7453046116E7847E00E14138 /* MapViewController.m */,
				B1ABB90416E9E390005CC730 /* MainViewController.h */,
				B1ABB90516E9E391005CC730 /* MainViewController.m */,
				74172C8216E2395B003D7E3A /* LoginViewController.h */,
				74172C8316E2395B003D7E3A /* LoginViewController.m */,
				B1ABB90716E9E56A005CC730 /* FlightInChinaViewController.h */,
				B1ABB90816E9E56A005CC730 /* FlightInChinaViewController.m */,
				B1ABB90A16E9E58E005CC730 /* FlightInInternationalViewController.h */,
				B1ABB90B16E9E58E005CC730 /* FlightInInternationalViewController.m */,
				B1ABB90D16E9E5A7005CC730 /* ShoppingViewController.h */,
				B1ABB90E16E9E5A7005CC730 /* ShoppingViewController.m */,
				B1ABB91016E9E5BA005CC730 /* UserSetViewController.h */,
				B1ABB91116E9E5BB005CC730 /* UserSetViewController.m */,
				74172C6216E1FFC2003D7E3A /* Supporting Files */,
			);
			path = XieCheng;
			sourceTree = "<group>";
		};
		74172C6216E1FFC2003D7E3A /* Supporting Files */ = {
			isa = PBXGroup;
			children = (
				B1C9E67416EDA85400144395 /* image */,
				74DB0E0416EC8A3A00F2F38E /* DB */,
				74172C6316E1FFC2003D7E3A /* XieCheng-Info.plist */,
				74172C6416E1FFC2003D7E3A /* InfoPlist.strings */,
				74172C6716E1FFC2003D7E3A /* main.m */,
				74172C6916E1FFC2003D7E3A /* XieCheng-Prefix.pch */,
				74172C6D16E1FFC2003D7E3A /* Default.png */,
				74172C6F16E1FFC2003D7E3A /* Default@2x.png */,
				74172C7116E1FFC2003D7E3A /* Default-568h@2x.png */,
			);
			name = "Supporting Files";
			sourceTree = "<group>";
		};
		7444B3C016EB2C70004D6BDC /* SOAPService */ = {
			isa = PBXGroup;
			children = (
				7444B3C216EB2EAF004D6BDC /* SOAPServiceViewController.h */,
				7444B3C316EB2EAF004D6BDC /* SOAPServiceViewController.m */,
			);
			path = SOAPService;
			sourceTree = "<group>";
		};
		749B447416E3A44E00E9C2C5 /* Logic */ = {
			isa = PBXGroup;
			children = (
				749B447516E3A44E00E9C2C5 /* XCContext.h */,
				749B447616E3A44E00E9C2C5 /* XCContext.m */,
				7434520E16E7701100BA5354 /* ViewHelper.h */,
			);
			path = Logic;
			sourceTree = "<group>";
		};
		74DB0DFA16EC861800F2F38E /* DBservice */ = {
			isa = PBXGroup;
			children = (
				74DB0E0B16EC986400F2F38E /* XCDataManager.h */,
				74DB0E0C16EC986400F2F38E /* XCDataManager.m */,
			);
			path = DBservice;
			sourceTree = "<group>";
		};
		74DB0E0416EC8A3A00F2F38E /* DB */ = {
			isa = PBXGroup;
			children = (
				74DB0E0916EC953100F2F38E /* xiecheng.rdb */,
			);
			name = DB;
			sourceTree = "<group>";
		};
		B1ABB8AD16E9B3AB005CC730 /* ChenUIView */ = {
			isa = PBXGroup;
			children = (
				B1ABB8AE16E9B3AB005CC730 /* NaviButton.h */,
				B1ABB8AF16E9B3AB005CC730 /* NaviButton.m */,
				B1C9E67016EDA67900144395 /* PullRefreshView.h */,
				B1C9E67116EDA67900144395 /* PullRefreshView.m */,
			);
			path = ChenUIView;
			sourceTree = "<group>";
		};
		B1ABB8B516E9C21B005CC730 /* AmapApi */ = {
			isa = PBXGroup;
			children = (
				B1ABB8F816E9CB7C005CC730 /* MAMapKit */,
				B1ABB8F516E9CA27005CC730 /* Resources */,
				B1ABB8DF16E9CA0B005CC730 /* Headers */,
			);
			path = AmapApi;
			sourceTree = "<group>";
		};
		B1ABB8DF16E9CA0B005CC730 /* Headers */ = {
			isa = PBXGroup;
			children = (
				B1ABB8E016E9CA0B005CC730 /* MAMapKit */,
			);
			path = Headers;
			sourceTree = "<group>";
		};
		B1ABB8E016E9CA0B005CC730 /* MAMapKit */ = {
			isa = PBXGroup;
			children = (
				B1ABB8E116E9CA0B005CC730 /* MAAnnotation.h */,
				B1ABB8E216E9CA0B005CC730 /* MAAnnotationView.h */,
				B1ABB8E316E9CA0B005CC730 /* MACircle.h */,
				B1ABB8E416E9CA0B005CC730 /* MACircleView.h */,
				B1ABB8E516E9CA0B005CC730 /* MAGeometry.h */,
				B1ABB8E616E9CA0B005CC730 /* MAMapKit.h */,
				B1ABB8E716E9CA0B005CC730 /* MAMapView.h */,
				B1ABB8E816E9CA0B005CC730 /* MAMultiPoint.h */,
				B1ABB8E916E9CA0B005CC730 /* MAOverlay.h */,
				B1ABB8EA16E9CA0B005CC730 /* MAOverlayPathView.h */,
				B1ABB8EB16E9CA0B005CC730 /* MAOverlayView.h */,
				B1ABB8EC16E9CA0B005CC730 /* MAPinAnnotationView.h */,
				B1ABB8ED16E9CA0B005CC730 /* MAPointAnnotation.h */,
				B1ABB8EE16E9CA0B005CC730 /* MAPolygon.h */,
				B1ABB8EF16E9CA0B005CC730 /* MAPolygonView.h */,
				B1ABB8F016E9CA0B005CC730 /* MAPolyline.h */,
				B1ABB8F116E9CA0B005CC730 /* MAPolylineView.h */,
				B1ABB8F216E9CA0B005CC730 /* MAShape.h */,
				B1ABB8F316E9CA0B005CC730 /* MATypes.h */,
				B1ABB8F416E9CA0B005CC730 /* MAUserLocation.h */,
			);
			path = MAMapKit;
			sourceTree = "<group>";
		};
		B1ABB8F516E9CA27005CC730 /* Resources */ = {
			isa = PBXGroup;
			children = (
				B1ABB8F616E9CA27005CC730 /* AMap.bundle */,
			);
			path = Resources;
			sourceTree = "<group>";
		};
		B1ABB8F816E9CB7C005CC730 /* MAMapKit */ = {
			isa = PBXGroup;
			children = (
				B1ABB8F916E9CB7C005CC730 /* Release-iphoneos */,
				B1ABB8FB16E9CB7C005CC730 /* Release-iphonesimulator */,
			);
			path = MAMapKit;
			sourceTree = "<group>";
		};
		B1ABB8F916E9CB7C005CC730 /* Release-iphoneos */ = {
			isa = PBXGroup;
			children = (
			);
			path = "Release-iphoneos";
			sourceTree = "<group>";
		};
		B1ABB8FB16E9CB7C005CC730 /* Release-iphonesimulator */ = {
			isa = PBXGroup;
			children = (
				B1ABB8FC16E9CB7C005CC730 /* libMAMapKit.a */,
			);
			path = "Release-iphonesimulator";
			sourceTree = "<group>";
		};
		B1C9E67416EDA85400144395 /* image */ = {
			isa = PBXGroup;
			children = (
				B1C9E67516EDA86800144395 /* arrow.png */,
			);
			path = image;
			sourceTree = "<group>";
		};
/* End PBXGroup section */

/* Begin PBXNativeTarget section */
		74172C5616E1FFC2003D7E3A /* XieCheng */ = {
			isa = PBXNativeTarget;
			buildConfigurationList = 74172C7516E1FFC2003D7E3A /* Build configuration list for PBXNativeTarget "XieCheng" */;
			buildPhases = (
				74172C5316E1FFC2003D7E3A /* Sources */,
				74172C5416E1FFC2003D7E3A /* Frameworks */,
				74172C5516E1FFC2003D7E3A /* Resources */,
			);
			buildRules = (
			);
			dependencies = (
			);
			name = XieCheng;
			productName = XieCheng;
			productReference = 74172C5716E1FFC2003D7E3A /* XieCheng.app */;
			productType = "com.apple.product-type.application";
		};
/* End PBXNativeTarget section */

/* Begin PBXProject section */
		74172C4E16E1FFC2003D7E3A /* Project object */ = {
			isa = PBXProject;
			attributes = {
				LastUpgradeCheck = 0450;
				ORGANIZATIONNAME = chen;
			};
			buildConfigurationList = 74172C5116E1FFC2003D7E3A /* Build configuration list for PBXProject "XieCheng" */;
			compatibilityVersion = "Xcode 3.2";
			developmentRegion = English;
			hasScannedForEncodings = 0;
			knownRegions = (
				en,
			);
			mainGroup = 74172C4C16E1FFC2003D7E3A;
			productRefGroup = 74172C5816E1FFC2003D7E3A /* Products */;
			projectDirPath = "";
			projectRoot = "";
			targets = (
				74172C5616E1FFC2003D7E3A /* XieCheng */,
			);
		};
/* End PBXProject section */

/* Begin PBXResourcesBuildPhase section */
		74172C5516E1FFC2003D7E3A /* Resources */ = {
			isa = PBXResourcesBuildPhase;
			buildActionMask = 2147483647;
			files = (
				74172C6616E1FFC2003D7E3A /* InfoPlist.strings in Resources */,
				74172C6E16E1FFC2003D7E3A /* Default.png in Resources */,
				74172C7016E1FFC2003D7E3A /* Default@2x.png in Resources */,
				74172C7216E1FFC2003D7E3A /* Default-568h@2x.png in Resources */,
				B1ABB8F716E9CA27005CC730 /* AMap.bundle in Resources */,
				74DB0E0A16EC953100F2F38E /* xiecheng.rdb in Resources */,
				B1C9E67616EDA86800144395 /* arrow.png in Resources */,
			);
			runOnlyForDeploymentPostprocessing = 0;
		};
/* End PBXResourcesBuildPhase section */

/* Begin PBXSourcesBuildPhase section */
		74172C5316E1FFC2003D7E3A /* Sources */ = {
			isa = PBXSourcesBuildPhase;
			buildActionMask = 2147483647;
			files = (
				74172C6816E1FFC2003D7E3A /* main.m in Sources */,
				74172C6C16E1FFC2003D7E3A /* XCAppDelegate.mm in Sources */,
				74172C7A16E22F3F003D7E3A /* XCBaseViewController.m in Sources */,
				74172C7D16E22FA6003D7E3A /* XCRootViewController.m in Sources */,
				74172C8416E2395B003D7E3A /* LoginViewController.m in Sources */,
				749B447716E3A44E00E9C2C5 /* XCContext.m in Sources */,
				7453046216E7847E00E14138 /* MapViewController.m in Sources */,
				B1ABB8AC16E9B30A005CC730 /* NavigationViewController.m in Sources */,
				B1ABB8B016E9B3AB005CC730 /* NaviButton.m in Sources */,
				B1ABB90616E9E392005CC730 /* MainViewController.m in Sources */,
				B1ABB90916E9E56B005CC730 /* FlightInChinaViewController.m in Sources */,
				B1ABB90C16E9E58F005CC730 /* FlightInInternationalViewController.m in Sources */,
				B1ABB90F16E9E5A8005CC730 /* ShoppingViewController.m in Sources */,
				B1ABB91216E9E5BC005CC730 /* UserSetViewController.m in Sources */,
				7444B3C416EB2EAF004D6BDC /* SOAPServiceViewController.m in Sources */,
				74DB0E0D16EC986400F2F38E /* XCDataManager.m in Sources */,
				B1C9E67216EDA67900144395 /* PullRefreshView.m in Sources */,
			);
			runOnlyForDeploymentPostprocessing = 0;
		};
/* End PBXSourcesBuildPhase section */

/* Begin PBXVariantGroup section */
		74172C6416E1FFC2003D7E3A /* InfoPlist.strings */ = {
			isa = PBXVariantGroup;
			children = (
				74172C6516E1FFC2003D7E3A /* en */,
			);
			name = InfoPlist.strings;
			sourceTree = "<group>";
		};
/* End PBXVariantGroup section */

/* Begin XCBuildConfiguration section */
		74172C7316E1FFC2003D7E3A /* Debug */ = {
			isa = XCBuildConfiguration;
			buildSettings = {
				ALWAYS_SEARCH_USER_PATHS = NO;
				CLANG_CXX_LANGUAGE_STANDARD = "gnu++0x";
				CLANG_CXX_LIBRARY = "libc++";
				CLANG_WARN_EMPTY_BODY = YES;
				CLANG_WARN__DUPLICATE_METHOD_MATCH = YES;
				"CODE_SIGN_IDENTITY[sdk=iphoneos*]" = "iPhone Developer";
				COPY_PHASE_STRIP = NO;
				GCC_C_LANGUAGE_STANDARD = gnu99;
				GCC_DYNAMIC_NO_PIC = NO;
				GCC_OPTIMIZATION_LEVEL = 0;
				GCC_PREPROCESSOR_DEFINITIONS = (
					"DEBUG=1",
					"$(inherited)",
				);
				GCC_SYMBOLS_PRIVATE_EXTERN = NO;
				GCC_WARN_ABOUT_RETURN_TYPE = YES;
				GCC_WARN_UNINITIALIZED_AUTOS = YES;
				GCC_WARN_UNUSED_VARIABLE = YES;
				IPHONEOS_DEPLOYMENT_TARGET = 6.0;
				ONLY_ACTIVE_ARCH = YES;
				SDKROOT = iphoneos;
				TARGETED_DEVICE_FAMILY = "1,2";
			};
			name = Debug;
		};
		74172C7416E1FFC2003D7E3A /* Release */ = {
			isa = XCBuildConfiguration;
			buildSettings = {
				ALWAYS_SEARCH_USER_PATHS = NO;
				CLANG_CXX_LANGUAGE_STANDARD = "gnu++0x";
				CLANG_CXX_LIBRARY = "libc++";
				CLANG_WARN_EMPTY_BODY = YES;
				CLANG_WARN__DUPLICATE_METHOD_MATCH = YES;
				"CODE_SIGN_IDENTITY[sdk=iphoneos*]" = "iPhone Developer";
				COPY_PHASE_STRIP = YES;
				GCC_C_LANGUAGE_STANDARD = gnu99;
				GCC_WARN_ABOUT_RETURN_TYPE = YES;
				GCC_WARN_UNINITIALIZED_AUTOS = YES;
				GCC_WARN_UNUSED_VARIABLE = YES;
				IPHONEOS_DEPLOYMENT_TARGET = 6.0;
				OTHER_CFLAGS = "-DNS_BLOCK_ASSERTIONS=1";
				SDKROOT = iphoneos;
				TARGETED_DEVICE_FAMILY = "1,2";
				VALIDATE_PRODUCT = YES;
			};
			name = Release;
		};
		74172C7616E1FFC2003D7E3A /* Debug */ = {
			isa = XCBuildConfiguration;
			buildSettings = {
				"CODE_SIGN_IDENTITY[sdk=iphoneos*]" = "iPhone Developer: 奇辉 陈 (486B47T7GG)";
				GCC_PRECOMPILE_PREFIX_HEADER = YES;
				GCC_PREFIX_HEADER = "XieCheng/XieCheng-Prefix.pch";
				INFOPLIST_FILE = "XieCheng/XieCheng-Info.plist";
				IPHONEOS_DEPLOYMENT_TARGET = 5.1;
				LIBRARY_SEARCH_PATHS = "\"$(SRCROOT)/XieCheng/AmapApi/MAMapKit/Release$(EFFECTIVE_PLATFORM_NAME)\"";
				OTHER_LDFLAGS = (
					"-fobjc-arc",
					"-all_load",
					"-IMAMapKit",
				);
				PRODUCT_NAME = "$(TARGET_NAME)";
				"PROVISIONING_PROFILE[sdk=iphoneos*]" = "E3EA083E-9D52-4763-AA7F-3459E41472C6";
				TARGETED_DEVICE_FAMILY = 1;
				WRAPPER_EXTENSION = app;
			};
			name = Debug;
		};
		74172C7716E1FFC2003D7E3A /* Release */ = {
			isa = XCBuildConfiguration;
			buildSettings = {
				"CODE_SIGN_IDENTITY[sdk=iphoneos*]" = "iPhone Developer: 奇辉 陈 (486B47T7GG)";
				GCC_PRECOMPILE_PREFIX_HEADER = YES;
				GCC_PREFIX_HEADER = "XieCheng/XieCheng-Prefix.pch";
				INFOPLIST_FILE = "XieCheng/XieCheng-Info.plist";
				IPHONEOS_DEPLOYMENT_TARGET = 5.1;
				LIBRARY_SEARCH_PATHS = "\"$(SRCROOT)/XieCheng/AmapApi/MAMapKit/Release$(EFFECTIVE_PLATFORM_NAME)\"";
				OTHER_LDFLAGS = (
					"-fobjc-arc",
					"-all_load",
					"-IMAMapKit",
				);
				PRODUCT_NAME = "$(TARGET_NAME)";
				"PROVISIONING_PROFILE[sdk=iphoneos*]" = "E3EA083E-9D52-4763-AA7F-3459E41472C6";
				TARGETED_DEVICE_FAMILY = 1;
				WRAPPER_EXTENSION = app;
			};
			name = Release;
		};
/* End XCBuildConfiguration section */

/* Begin XCConfigurationList section */
		74172C5116E1FFC2003D7E3A /* Build configuration list for PBXProject "XieCheng" */ = {
			isa = XCConfigurationList;
			buildConfigurations = (
				74172C7316E1FFC2003D7E3A /* Debug */,
				74172C7416E1FFC2003D7E3A /* Release */,
			);
			defaultConfigurationIsVisible = 0;
			defaultConfigurationName = Release;
		};
		74172C7516E1FFC2003D7E3A /* Build configuration list for PBXNativeTarget "XieCheng" */ = {
			isa = XCConfigurationList;
			buildConfigurations = (
				74172C7616E1FFC2003D7E3A /* Debug */,
				74172C7716E1FFC2003D7E3A /* Release */,
			);
			defaultConfigurationIsVisible = 0;
			defaultConfigurationName = Release;
		};
/* End XCConfigurationList section */
	};
	rootObject = 74172C4E16E1FFC2003D7E3A /* Project object */;
}
