// !$*UTF8*$!
{
	archiveVersion = 1;
	classes = {
	};
	objectVersion = 46;
	objects = {

/* Begin PBXBuildFile section */
		74172C5C16E1FFC2003D7E3A /* UIKit.framework in Frameworks */ = {isa = PBXBuildFile; fileRef = 74172C5B16E1FFC2003D7E3A /* UIKit.framework */; };
		74172C5E16E1FFC2003D7E3A /* Foundation.framework in Frameworks */ = {isa = PBXBuildFile; fileRef = 74172C5D16E1FFC2003D7E3A /* Foundation.framework */; };
		74172C6016E1FFC2003D7E3A /* CoreGraphics.framework in Frameworks */ = {isa = PBXBuildFile; fileRef = 74172C5F16E1FFC2003D7E3A /* CoreGraphics.framework */; };
		74172C6616E1FFC2003D7E3A /* InfoPlist.strings in Resources */ = {isa = PBXBuildFile; fileRef = 74172C6416E1FFC2003D7E3A /* InfoPlist.strings */; };
		74172C6816E1FFC2003D7E3A /* main.m in Sources */ = {isa = PBXBuildFile; fileRef = 74172C6716E1FFC2003D7E3A /* main.m */; };
		74172C6C16E1FFC2003D7E3A /* XCAppDelegate.m in Sources */ = {isa = PBXBuildFile; fileRef = 74172C6B16E1FFC2003D7E3A /* XCAppDelegate.m */; };
		74172C6E16E1FFC2003D7E3A /* Default.png in Resources */ = {isa = PBXBuildFile; fileRef = 74172C6D16E1FFC2003D7E3A /* Default.png */; };
		74172C7016E1FFC2003D7E3A /* Default@2x.png in Resources */ = {isa = PBXBuildFile; fileRef = 74172C6F16E1FFC2003D7E3A /* Default@2x.png */; };
		74172C7216E1FFC2003D7E3A /* Default-568h@2x.png in Resources */ = {isa = PBXBuildFile; fileRef = 74172C7116E1FFC2003D7E3A /* Default-568h@2x.png */; };
		74172C7A16E22F3F003D7E3A /* XCBaseViewController.m in Sources */ = {isa = PBXBuildFile; fileRef = 74172C7916E22F3E003D7E3A /* XCBaseViewController.m */; };
		74172C7D16E22FA6003D7E3A /* XCRootViewController.m in Sources */ = {isa = PBXBuildFile; fileRef = 74172C7C16E22FA6003D7E3A /* XCRootViewController.m */; };
		74172C8416E2395B003D7E3A /* LoginViewController.m in Sources */ = {isa = PBXBuildFile; fileRef = 74172C8316E2395B003D7E3A /* LoginViewController.m */; };
		7434520916E76C9C00BA5354 /* NavigationViewController.m in Sources */ = {isa = PBXBuildFile; fileRef = 7434520816E76C9C00BA5354 /* NavigationViewController.m */; };
		7453046216E7847E00E14138 /* MapViewController.m in Sources */ = {isa = PBXBuildFile; fileRef = 7453046116E7847E00E14138 /* MapViewController.m */; };
		749B447716E3A44E00E9C2C5 /* XCContext.m in Sources */ = {isa = PBXBuildFile; fileRef = 749B447616E3A44E00E9C2C5 /* XCContext.m */; };
		74FB799016E4E66E0034370A /* QuartzCore.framework in Frameworks */ = {isa = PBXBuildFile; fileRef = 74FB798F16E4E66E0034370A /* QuartzCore.framework */; };
/* End PBXBuildFile section */

/* Begin PBXFileReference section */
		74172C5716E1FFC2003D7E3A /* XieCheng.app */ = {isa = PBXFileReference; explicitFileType = wrapper.application; includeInIndex = 0; path = XieCheng.app; sourceTree = BUILT_PRODUCTS_DIR; };
		74172C5B16E1FFC2003D7E3A /* UIKit.framework */ = {isa = PBXFileReference; lastKnownFileType = wrapper.framework; name = UIKit.framework; path = System/Library/Frameworks/UIKit.framework; sourceTree = SDKROOT; };
		74172C5D16E1FFC2003D7E3A /* Foundation.framework */ = {isa = PBXFileReference; lastKnownFileType = wrapper.framework; name = Foundation.framework; path = System/Library/Frameworks/Foundation.framework; sourceTree = SDKROOT; };
		74172C5F16E1FFC2003D7E3A /* CoreGraphics.framework */ = {isa = PBXFileReference; lastKnownFileType = wrapper.framework; name = CoreGraphics.framework; path = System/Library/Frameworks/CoreGraphics.framework; sourceTree = SDKROOT; };
		74172C6316E1FFC2003D7E3A /* XieCheng-Info.plist */ = {isa = PBXFileReference; lastKnownFileType = text.plist.xml; path = "XieCheng-Info.plist"; sourceTree = "<group>"; };
		74172C6516E1FFC2003D7E3A /* en */ = {isa = PBXFileReference; lastKnownFileType = text.plist.strings; name = en; path = en.lproj/InfoPlist.strings; sourceTree = "<group>"; };
		74172C6716E1FFC2003D7E3A /* main.m */ = {isa = PBXFileReference; lastKnownFileType = sourcecode.c.objc; path = main.m; sourceTree = "<group>"; };
		74172C6916E1FFC2003D7E3A /* XieCheng-Prefix.pch */ = {isa = PBXFileReference; lastKnownFileType = sourcecode.c.h; path = "XieCheng-Prefix.pch"; sourceTree = "<group>"; };
		74172C6A16E1FFC2003D7E3A /* XCAppDelegate.h */ = {isa = PBXFileReference; lastKnownFileType = sourcecode.c.h; path = XCAppDelegate.h; sourceTree = "<group>"; };
		74172C6B16E1FFC2003D7E3A /* XCAppDelegate.m */ = {isa = PBXFileReference; lastKnownFileType = sourcecode.c.objc; path = XCAppDelegate.m; sourceTree = "<group>"; };
		74172C6D16E1FFC2003D7E3A /* Default.png */ = {isa = PBXFileReference; lastKnownFileType = image.png; path = Default.png; sourceTree = "<group>"; };
		74172C6F16E1FFC2003D7E3A /* Default@2x.png */ = {isa = PBXFileReference; lastKnownFileType = image.png; path = "Default@2x.png"; sourceTree = "<group>"; };
		74172C7116E1FFC2003D7E3A /* Default-568h@2x.png */ = {isa = PBXFileReference; lastKnownFileType = image.png; path = "Default-568h@2x.png"; sourceTree = "<group>"; };
		74172C7816E22F3E003D7E3A /* XCBaseViewController.h */ = {isa = PBXFileReference; fileEncoding = 4; lastKnownFileType = sourcecode.c.h; path = XCBaseViewController.h; sourceTree = "<group>"; };
		74172C7916E22F3E003D7E3A /* XCBaseViewController.m */ = {isa = PBXFileReference; fileEncoding = 4; lastKnownFileType = sourcecode.c.objc; path = XCBaseViewController.m; sourceTree = "<group>"; };
		74172C7B16E22FA6003D7E3A /* XCRootViewController.h */ = {isa = PBXFileReference; fileEncoding = 4; lastKnownFileType = sourcecode.c.h; path = XCRootViewController.h; sourceTree = "<group>"; };
		74172C7C16E22FA6003D7E3A /* XCRootViewController.m */ = {isa = PBXFileReference; fileEncoding = 4; lastKnownFileType = sourcecode.c.objc; path = XCRootViewController.m; sourceTree = "<group>"; };
		74172C8216E2395B003D7E3A /* LoginViewController.h */ = {isa = PBXFileReference; fileEncoding = 4; lastKnownFileType = sourcecode.c.h; path = LoginViewController.h; sourceTree = "<group>"; };
		74172C8316E2395B003D7E3A /* LoginViewController.m */ = {isa = PBXFileReference; fileEncoding = 4; lastKnownFileType = sourcecode.c.objc; path = LoginViewController.m; sourceTree = "<group>"; };
		7434520716E76C9C00BA5354 /* NavigationViewController.h */ = {isa = PBXFileReference; fileEncoding = 4; lastKnownFileType = sourcecode.c.h; path = NavigationViewController.h; sourceTree = "<group>"; };
		7434520816E76C9C00BA5354 /* NavigationViewController.m */ = {isa = PBXFileReference; fileEncoding = 4; lastKnownFileType = sourcecode.c.objc; path = NavigationViewController.m; sourceTree = "<group>"; };
		7434520E16E7701100BA5354 /* ViewHelper.h */ = {isa = PBXFileReference; fileEncoding = 4; lastKnownFileType = sourcecode.c.h; path = ViewHelper.h; sourceTree = "<group>"; };
		7453046016E7847E00E14138 /* MapViewController.h */ = {isa = PBXFileReference; fileEncoding = 4; lastKnownFileType = sourcecode.c.h; path = MapViewController.h; sourceTree = "<group>"; };
		7453046116E7847E00E14138 /* MapViewController.m */ = {isa = PBXFileReference; fileEncoding = 4; lastKnownFileType = sourcecode.c.objc; path = MapViewController.m; sourceTree = "<group>"; };
		749B447516E3A44E00E9C2C5 /* XCContext.h */ = {isa = PBXFileReference; fileEncoding = 4; lastKnownFileType = sourcecode.c.h; path = XCContext.h; sourceTree = "<group>"; };
		749B447616E3A44E00E9C2C5 /* XCContext.m */ = {isa = PBXFileReference; fileEncoding = 4; lastKnownFileType = sourcecode.c.objc; path = XCContext.m; sourceTree = "<group>"; };
		74FB798F16E4E66E0034370A /* QuartzCore.framework */ = {isa = PBXFileReference; lastKnownFileType = wrapper.framework; name = QuartzCore.framework; path = System/Library/Frameworks/QuartzCore.framework; sourceTree = SDKROOT; };
/* End PBXFileReference section */

/* Begin PBXFrameworksBuildPhase section */
		74172C5416E1FFC2003D7E3A /* Frameworks */ = {
			isa = PBXFrameworksBuildPhase;
			buildActionMask = 2147483647;
			files = (
				74FB799016E4E66E0034370A /* QuartzCore.framework in Frameworks */,
				74172C5C16E1FFC2003D7E3A /* UIKit.framework in Frameworks */,
				74172C5E16E1FFC2003D7E3A /* Foundation.framework in Frameworks */,
				74172C6016E1FFC2003D7E3A /* CoreGraphics.framework in Frameworks */,
			);
			runOnlyForDeploymentPostprocessing = 0;
		};
/* End PBXFrameworksBuildPhase section */

/* Begin PBXGroup section */
		74172C4C16E1FFC2003D7E3A = {
			isa = PBXGroup;
			children = (
				74FB798F16E4E66E0034370A /* QuartzCore.framework */,
				74172C6116E1FFC2003D7E3A /* XieCheng */,
				74172C5A16E1FFC2003D7E3A /* Frameworks */,
				74172C5816E1FFC2003D7E3A /* Products */,
			);
			sourceTree = "<group>";
		};
		74172C5816E1FFC2003D7E3A /* Products */ = {
			isa = PBXGroup;
			children = (
				74172C5716E1FFC2003D7E3A /* XieCheng.app */,
			);
			name = Products;
			sourceTree = "<group>";
		};
		74172C5A16E1FFC2003D7E3A /* Frameworks */ = {
			isa = PBXGroup;
			children = (
				74172C5B16E1FFC2003D7E3A /* UIKit.framework */,
				74172C5D16E1FFC2003D7E3A /* Foundation.framework */,
				74172C5F16E1FFC2003D7E3A /* CoreGraphics.framework */,
			);
			name = Frameworks;
			sourceTree = "<group>";
		};
		74172C6116E1FFC2003D7E3A /* XieCheng */ = {
			isa = PBXGroup;
			children = (
				749B447416E3A44E00E9C2C5 /* Logic */,
				74172C6A16E1FFC2003D7E3A /* XCAppDelegate.h */,
				74172C6B16E1FFC2003D7E3A /* XCAppDelegate.m */,
				74172C7816E22F3E003D7E3A /* XCBaseViewController.h */,
				74172C7916E22F3E003D7E3A /* XCBaseViewController.m */,
				74172C7B16E22FA6003D7E3A /* XCRootViewController.h */,
				74172C7C16E22FA6003D7E3A /* XCRootViewController.m */,
				74172C8216E2395B003D7E3A /* LoginViewController.h */,
				74172C8316E2395B003D7E3A /* LoginViewController.m */,
				7434520716E76C9C00BA5354 /* NavigationViewController.h */,
				7434520816E76C9C00BA5354 /* NavigationViewController.m */,
				7453046016E7847E00E14138 /* MapViewController.h */,
				7453046116E7847E00E14138 /* MapViewController.m */,
				74172C6216E1FFC2003D7E3A /* Supporting Files */,
			);
			path = XieCheng;
			sourceTree = "<group>";
		};
		74172C6216E1FFC2003D7E3A /* Supporting Files */ = {
			isa = PBXGroup;
			children = (
				74172C6316E1FFC2003D7E3A /* XieCheng-Info.plist */,
				74172C6416E1FFC2003D7E3A /* InfoPlist.strings */,
				74172C6716E1FFC2003D7E3A /* main.m */,
				74172C6916E1FFC2003D7E3A /* XieCheng-Prefix.pch */,
				74172C6D16E1FFC2003D7E3A /* Default.png */,
				74172C6F16E1FFC2003D7E3A /* Default@2x.png */,
				74172C7116E1FFC2003D7E3A /* Default-568h@2x.png */,
			);
			name = "Supporting Files";
			sourceTree = "<group>";
		};
		749B447416E3A44E00E9C2C5 /* Logic */ = {
			isa = PBXGroup;
			children = (
				749B447516E3A44E00E9C2C5 /* XCContext.h */,
				749B447616E3A44E00E9C2C5 /* XCContext.m */,
				7434520E16E7701100BA5354 /* ViewHelper.h */,
			);
			path = Logic;
			sourceTree = "<group>";
		};
/* End PBXGroup section */

/* Begin PBXNativeTarget section */
		74172C5616E1FFC2003D7E3A /* XieCheng */ = {
			isa = PBXNativeTarget;
			buildConfigurationList = 74172C7516E1FFC2003D7E3A /* Build configuration list for PBXNativeTarget "XieCheng" */;
			buildPhases = (
				74172C5316E1FFC2003D7E3A /* Sources */,
				74172C5416E1FFC2003D7E3A /* Frameworks */,
				74172C5516E1FFC2003D7E3A /* Resources */,
			);
			buildRules = (
			);
			dependencies = (
			);
			name = XieCheng;
			productName = XieCheng;
			productReference = 74172C5716E1FFC2003D7E3A /* XieCheng.app */;
			productType = "com.apple.product-type.application";
		};
/* End PBXNativeTarget section */

/* Begin PBXProject section */
		74172C4E16E1FFC2003D7E3A /* Project object */ = {
			isa = PBXProject;
			attributes = {
				LastUpgradeCheck = 0450;
				ORGANIZATIONNAME = chen;
			};
			buildConfigurationList = 74172C5116E1FFC2003D7E3A /* Build configuration list for PBXProject "XieCheng" */;
			compatibilityVersion = "Xcode 3.2";
			developmentRegion = English;
			hasScannedForEncodings = 0;
			knownRegions = (
				en,
			);
			mainGroup = 74172C4C16E1FFC2003D7E3A;
			productRefGroup = 74172C5816E1FFC2003D7E3A /* Products */;
			projectDirPath = "";
			projectRoot = "";
			targets = (
				74172C5616E1FFC2003D7E3A /* XieCheng */,
			);
		};
/* End PBXProject section */

/* Begin PBXResourcesBuildPhase section */
		74172C5516E1FFC2003D7E3A /* Resources */ = {
			isa = PBXResourcesBuildPhase;
			buildActionMask = 2147483647;
			files = (
				74172C6616E1FFC2003D7E3A /* InfoPlist.strings in Resources */,
				74172C6E16E1FFC2003D7E3A /* Default.png in Resources */,
				74172C7016E1FFC2003D7E3A /* Default@2x.png in Resources */,
				74172C7216E1FFC2003D7E3A /* Default-568h@2x.png in Resources */,
			);
			runOnlyForDeploymentPostprocessing = 0;
		};
/* End PBXResourcesBuildPhase section */

/* Begin PBXSourcesBuildPhase section */
		74172C5316E1FFC2003D7E3A /* Sources */ = {
			isa = PBXSourcesBuildPhase;
			buildActionMask = 2147483647;
			files = (
				74172C6816E1FFC2003D7E3A /* main.m in Sources */,
				74172C6C16E1FFC2003D7E3A /* XCAppDelegate.m in Sources */,
				74172C7A16E22F3F003D7E3A /* XCBaseViewController.m in Sources */,
				74172C7D16E22FA6003D7E3A /* XCRootViewController.m in Sources */,
				74172C8416E2395B003D7E3A /* LoginViewController.m in Sources */,
				749B447716E3A44E00E9C2C5 /* XCContext.m in Sources */,
				7434520916E76C9C00BA5354 /* NavigationViewController.m in Sources */,
				7453046216E7847E00E14138 /* MapViewController.m in Sources */,
			);
			runOnlyForDeploymentPostprocessing = 0;
		};
/* End PBXSourcesBuildPhase section */

/* Begin PBXVariantGroup section */
		74172C6416E1FFC2003D7E3A /* InfoPlist.strings */ = {
			isa = PBXVariantGroup;
			children = (
				74172C6516E1FFC2003D7E3A /* en */,
			);
			name = InfoPlist.strings;
			sourceTree = "<group>";
		};
/* End PBXVariantGroup section */

/* Begin XCBuildConfiguration section */
		74172C7316E1FFC2003D7E3A /* Debug */ = {
			isa = XCBuildConfiguration;
			buildSettings = {
				ALWAYS_SEARCH_USER_PATHS = NO;
				CLANG_CXX_LANGUAGE_STANDARD = "gnu++0x";
				CLANG_CXX_LIBRARY = "libc++";
				CLANG_WARN_EMPTY_BODY = YES;
				CLANG_WARN__DUPLICATE_METHOD_MATCH = YES;
				"CODE_SIGN_IDENTITY[sdk=iphoneos*]" = "iPhone Developer";
				COPY_PHASE_STRIP = NO;
				GCC_C_LANGUAGE_STANDARD = gnu99;
				GCC_DYNAMIC_NO_PIC = NO;
				GCC_OPTIMIZATION_LEVEL = 0;
				GCC_PREPROCESSOR_DEFINITIONS = (
					"DEBUG=1",
					"$(inherited)",
				);
				GCC_SYMBOLS_PRIVATE_EXTERN = NO;
				GCC_WARN_ABOUT_RETURN_TYPE = YES;
				GCC_WARN_UNINITIALIZED_AUTOS = YES;
				GCC_WARN_UNUSED_VARIABLE = YES;
				IPHONEOS_DEPLOYMENT_TARGET = 6.0;
				ONLY_ACTIVE_ARCH = YES;
				SDKROOT = iphoneos;
				TARGETED_DEVICE_FAMILY = "1,2";
			};
			name = Debug;
		};
		74172C7416E1FFC2003D7E3A /* Release */ = {
			isa = XCBuildConfiguration;
			buildSettings = {
				ALWAYS_SEARCH_USER_PATHS = NO;
				CLANG_CXX_LANGUAGE_STANDARD = "gnu++0x";
				CLANG_CXX_LIBRARY = "libc++";
				CLANG_WARN_EMPTY_BODY = YES;
				CLANG_WARN__DUPLICATE_METHOD_MATCH = YES;
				"CODE_SIGN_IDENTITY[sdk=iphoneos*]" = "iPhone Developer";
				COPY_PHASE_STRIP = YES;
				GCC_C_LANGUAGE_STANDARD = gnu99;
				GCC_WARN_ABOUT_RETURN_TYPE = YES;
				GCC_WARN_UNINITIALIZED_AUTOS = YES;
				GCC_WARN_UNUSED_VARIABLE = YES;
				IPHONEOS_DEPLOYMENT_TARGET = 6.0;
				OTHER_CFLAGS = "-DNS_BLOCK_ASSERTIONS=1";
				SDKROOT = iphoneos;
				TARGETED_DEVICE_FAMILY = "1,2";
				VALIDATE_PRODUCT = YES;
			};
			name = Release;
		};
		74172C7616E1FFC2003D7E3A /* Debug */ = {
			isa = XCBuildConfiguration;
			buildSettings = {
				GCC_PRECOMPILE_PREFIX_HEADER = YES;
				GCC_PREFIX_HEADER = "XieCheng/XieCheng-Prefix.pch";
				INFOPLIST_FILE = "XieCheng/XieCheng-Info.plist";
				PRODUCT_NAME = "$(TARGET_NAME)";
				WRAPPER_EXTENSION = app;
			};
			name = Debug;
		};
		74172C7716E1FFC2003D7E3A /* Release */ = {
			isa = XCBuildConfiguration;
			buildSettings = {
				GCC_PRECOMPILE_PREFIX_HEADER = YES;
				GCC_PREFIX_HEADER = "XieCheng/XieCheng-Prefix.pch";
				INFOPLIST_FILE = "XieCheng/XieCheng-Info.plist";
				PRODUCT_NAME = "$(TARGET_NAME)";
				WRAPPER_EXTENSION = app;
			};
			name = Release;
		};
/* End XCBuildConfiguration section */

/* Begin XCConfigurationList section */
		74172C5116E1FFC2003D7E3A /* Build configuration list for PBXProject "XieCheng" */ = {
			isa = XCConfigurationList;
			buildConfigurations = (
				74172C7316E1FFC2003D7E3A /* Debug */,
				74172C7416E1FFC2003D7E3A /* Release */,
			);
			defaultConfigurationIsVisible = 0;
			defaultConfigurationName = Release;
		};
		74172C7516E1FFC2003D7E3A /* Build configuration list for PBXNativeTarget "XieCheng" */ = {
			isa = XCConfigurationList;
			buildConfigurations = (
				74172C7616E1FFC2003D7E3A /* Debug */,
				74172C7716E1FFC2003D7E3A /* Release */,
			);
			defaultConfigurationIsVisible = 0;
			defaultConfigurationName = Release;
		};
/* End XCConfigurationList section */
	};
	rootObject = 74172C4E16E1FFC2003D7E3A /* Project object */;
}
